// !$*UTF8*$!
{
	archiveVersion = 1;
	classes = {
	};
	objectVersion = 46;
	objects = {
		A47A9205634A450DA9834170 = {
			isa = PBXBuildFile;
			fileRef = C22BDD9AFFF82D615448B1B0;
		};
		5B6D8FF5A6EC17697927CE8E = {
			isa = PBXBuildFile;
			fileRef = 29F91EED60B4178B2D6BB0D0;
		};
		E322D351D9D5F272D2B55082 = {
			isa = PBXBuildFile;
			fileRef = 1E7DA46A9D04D418FBCCAFC9;
		};
		ABD10FC3A657EAFBA22C78C4 = {
			isa = PBXBuildFile;
			fileRef = 7DEE51FF1DFCD64D1F7DB673;
		};
		FB8372DF8D8FC8E26C0FC845 = {
			isa = PBXBuildFile;
			fileRef = 32F297CC4F5E6F24156AC515;
		};
		0F381AE726A954C992B32785 = {
			isa = PBXBuildFile;
			fileRef = 5EDDD4430AB1EC35D748ADF3;
		};
		D2CE39DCA7E1737FA8188A57 = {
			isa = PBXBuildFile;
			fileRef = 5675A9023DBDFF72857FE3E0;
		};
		1FA226E85C52AC2723AE1936 = {
			isa = PBXBuildFile;
			fileRef = C7ADF6866093898F755BA4BD;
		};
		D5ED115D234B46F41C659782 = {
			isa = PBXBuildFile;
			fileRef = 0AE1C126D84739E3C25F586B;
		};
		003D974ACCEBC9820BB43C86 = {
			isa = PBXBuildFile;
			fileRef = 7A74430CECD8E463A372F399;
		};
		E2524BED1098250030B53F57 = {
			isa = PBXBuildFile;
			fileRef = 324FECC7762B2E4F35A6B1AE;
		};
		9704331DD4A640DEB8EBDAF3 = {
			isa = PBXBuildFile;
			fileRef = 51DB2CB09D3EAD44C3F8D3D1;
		};
		4C74BFFD98D602E8AF51C4D3 = {
			isa = PBXBuildFile;
			fileRef = 3F86B8179912E631CA25FD6E;
		};
		8DE1A4EB6089BA324C7D19DD = {
			isa = PBXBuildFile;
			fileRef = 8FAAF56F59B409816D45A301;
		};
		4C644FA383DCE7DF02DEAA61 = {
			isa = PBXBuildFile;
			fileRef = EA68776907CC4FAFA6F59940;
		};
		F3AE197C958E05C9F8A6A32A = {
			isa = PBXBuildFile;
			fileRef = ECF81ADDCBC52958D60F8BDB;
		};
		2FDACBEE12DEF4DE554D8A1A = {
			isa = PBXBuildFile;
			fileRef = B94FB0A4737BC8CDCAD7886B;
		};
		014154AFB334F273AFF9387D = {
			isa = PBXBuildFile;
			fileRef = C64D759E317D071805081377;
		};
		E2AEDB221F0FFFF5C4CED765 = {
			isa = PBXBuildFile;
			fileRef = ADBB0619AA84396CFE036331;
		};
		5335FEA2DDD80C64B919E630 = {
			isa = PBXBuildFile;
			fileRef = 02498A965EFF89ED531FE1DA;
		};
		6CD4A1CAEF5D29C8D43005DA = {
			isa = PBXBuildFile;
			fileRef = B9651149A5E54D4105CDCE7A;
		};
		59202CD8622B7564A2CC6C88 = {
			isa = PBXBuildFile;
			fileRef = 95A4DB1E3934EE4D02FADBA8;
		};
		DBFD2FCBFC52412AF017EB5F = {
			isa = PBXBuildFile;
			fileRef = 3738E75C541F7C67194445DA;
		};
		44311D339157E9C180A81BE9 = {
			isa = PBXBuildFile;
			fileRef = 831E21FE96E22C46B056B74A;
		};
		19917B2EF9683ED1482D8A62 = {
			isa = PBXBuildFile;
			fileRef = 274C3A263391EB795CF5529E;
		};
		7C3095123A70315BBDEBE397 = {
			isa = PBXBuildFile;
			fileRef = B61AB758A939FBAA58C5AF7E;
		};
		EF9FF6B13814219F75EAD9AC = {
			isa = PBXBuildFile;
			fileRef = 980399813E7D6AF63C116710;
		};
		74CCD30D2E18FC6053D2A52C = {
			isa = PBXBuildFile;
			fileRef = 45C279C8DD4F869071579DAC;
		};
		1C2F9ABF01CE0B0E32EA7C69 = {
			isa = PBXBuildFile;
			fileRef = 46B1B9A31065824607ED9BB1;
		};
		7AE49A5B65329B4E6688D62E = {
			isa = PBXBuildFile;
			fileRef = D4DBDF176FBA5C38C4D8CA3F;
		};
		CFD5F0AF3DCEAC7989966FF6 = {
			isa = PBXBuildFile;
			fileRef = 1F3743BB7CC792CAD56108D7;
		};
		21CF734487DE124D5DA615C2 = {
			isa = PBXBuildFile;
			fileRef = F416CF4B4997299306458343;
		};
		22A71F385527FBD4923CAF98 = {
			isa = PBXBuildFile;
			fileRef = 7671AAE9D49FF2DF164FA3F8;
		};
		46043781277280A4F9D23494 = {
			isa = PBXBuildFile;
			fileRef = BDB188C9F785235D3E333386;
		};
		CA6F1F7DEE882E038A13F557 = {
			isa = PBXBuildFile;
			fileRef = BAE1AB3DA951AD2BC42AB775;
		};
		1B73991226090A5E1BD250D9 = {
			isa = PBXBuildFile;
			fileRef = B78F88B4C458FEA5255C2D34;
		};
		6B9F589D949B7B93C8389FFF = {
			isa = PBXBuildFile;
			fileRef = DF7C543E22BBC53F5F35A9B7;
		};
		434B71F3CBBB8F14D5A6C9A8 = {
			isa = PBXBuildFile;
			fileRef = 823EBA68A865AEAEC5DFB42A;
		};
		C484D7CA5333D0811458627B = {
			isa = PBXBuildFile;
			fileRef = FBD286B3A97D76419B9748E2;
		};
		1C5C714C87E07216407E5C4A = {
			isa = PBXBuildFile;
			fileRef = 3A127B39AB013FF5635E32DA;
		};
		C687EE4FB13BC4B4424B546D = {
			isa = PBXBuildFile;
			fileRef = F32F5099FAB3E5F9622E03F5;
		};
		02498A965EFF89ED531FE1DA = {
			isa = PBXFileReference;
			lastKnownFileType = sourcecode.cpp.cpp;
			name = PluginProcessor.cpp;
			path = ../../Source/PluginProcessor.cpp;
			sourceTree = "SOURCE_ROOT";
		};
		0AE1C126D84739E3C25F586B = {
			isa = PBXFileReference;
			lastKnownFileType = wrapper.framework;
			name = Cocoa.framework;
			path = System/Library/Frameworks/Cocoa.framework;
			sourceTree = SDKROOT;
		};
		0CFE3F9EA1CA8BBB1BE4F4CE = {
			isa = PBXFileReference;
			lastKnownFileType = file;
			name = "juce_data_structures";
			path = "/Applications/JUCE/modules/juce_data_structures";
			sourceTree = "<absolute>";
		};
		1430B030BD0732AE24F63417 = {
			isa = PBXFileReference;
			lastKnownFileType = sourcecode.c.h;
			name = PluginEditor.h;
			path = ../../Source/PluginEditor.h;
			sourceTree = "SOURCE_ROOT";
		};
		179896E43E17D2E8FA826F94 = {
			isa = PBXFileReference;
			lastKnownFileType = file;
			name = "juce_audio_formats";
			path = "/Applications/JUCE/modules/juce_audio_formats";
			sourceTree = "<absolute>";
		};
		1A8771C0522D6F515F232DDF = {
			isa = PBXFileReference;
			lastKnownFileType = sourcecode.c.h;
			name = DCblock.h;
			path = ../../Source/DCblock.h;
			sourceTree = "SOURCE_ROOT";
		};
		1CDF9E02B39FE910467122A8 = {
			isa = PBXFileReference;
			lastKnownFileType = file;
			name = "juce_opengl";
			path = "/Applications/JUCE/modules/juce_opengl";
			sourceTree = "<absolute>";
		};
		1D4F3F4511AE85B71A5B407B = {
			isa = PBXFileReference;
			lastKnownFileType = text.plist.xml;
			name = "Info-Standalone_Plugin.plist";
			path = "Info-Standalone_Plugin.plist";
			sourceTree = "SOURCE_ROOT";
		};
		1F3743BB7CC792CAD56108D7 = {
			isa = PBXFileReference;
			lastKnownFileType = sourcecode.cpp.cpp;
			name = "include_juce_audio_plugin_client_VST3.cpp";
			path = "../../JuceLibraryCode/include_juce_audio_plugin_client_VST3.cpp";
			sourceTree = "SOURCE_ROOT";
		};
		274C3A263391EB795CF5529E = {
			isa = PBXFileReference;
			lastKnownFileType = file.r;
			name = "include_juce_audio_plugin_client_AU.r";
			path = "../../JuceLibraryCode/include_juce_audio_plugin_client_AU.r";
			sourceTree = "SOURCE_ROOT";
		};
		C22BDD9AFFF82D615448B1B0 = {
			isa = PBXFileReference;
			explicitFileType = wrapper.cfbundle;
			includeInIndex = 0;
			path = DCblocker.vst3;
			sourceTree = "BUILT_PRODUCTS_DIR";
		};
		29F91EED60B4178B2D6BB0D0 = {
			isa = PBXFileReference;
			explicitFileType = wrapper.cfbundle;
			includeInIndex = 0;
			path = DCblocker.component;
			sourceTree = "BUILT_PRODUCTS_DIR";
		};
		1E7DA46A9D04D418FBCCAFC9 = {
			isa = PBXFileReference;
			explicitFileType = wrapper.application;
			includeInIndex = 0;
			path = DCblocker.app;
			sourceTree = "BUILT_PRODUCTS_DIR";
		};
		324FECC7762B2E4F35A6B1AE = {
			isa = PBXFileReference;
			lastKnownFileType = wrapper.framework;
			name = CoreAudioKit.framework;
			path = System/Library/Frameworks/CoreAudioKit.framework;
			sourceTree = SDKROOT;
		};
		32F297CC4F5E6F24156AC515 = {
			isa = PBXFileReference;
			lastKnownFileType = wrapper.framework;
			name = AudioUnit.framework;
			path = System/Library/Frameworks/AudioUnit.framework;
			sourceTree = SDKROOT;
		};
		3738E75C541F7C67194445DA = {
			isa = PBXFileReference;
			lastKnownFileType = sourcecode.cpp.objcpp;
			name = "include_juce_audio_devices.mm";
			path = "../../JuceLibraryCode/include_juce_audio_devices.mm";
			sourceTree = "SOURCE_ROOT";
		};
		3A127B39AB013FF5635E32DA = {
			isa = PBXFileReference;
			lastKnownFileType = sourcecode.cpp.objcpp;
			name = "include_juce_gui_extra.mm";
			path = "../../JuceLibraryCode/include_juce_gui_extra.mm";
			sourceTree = "SOURCE_ROOT";
		};
		3F86B8179912E631CA25FD6E = {
			isa = PBXFileReference;
			lastKnownFileType = wrapper.framework;
			name = DiscRecording.framework;
			path = System/Library/Frameworks/DiscRecording.framework;
			sourceTree = SDKROOT;
		};
		424CF418AF9139B984386945 = {
			isa = PBXFileReference;
			lastKnownFileType = sourcecode.c.h;
			name = JuceHeader.h;
			path = ../../JuceLibraryCode/JuceHeader.h;
			sourceTree = "SOURCE_ROOT";
		};
		45C279C8DD4F869071579DAC = {
			isa = PBXFileReference;
			lastKnownFileType = sourcecode.cpp.cpp;
			name = "include_juce_audio_plugin_client_Standalone.cpp";
			path = "../../JuceLibraryCode/include_juce_audio_plugin_client_Standalone.cpp";
			sourceTree = "SOURCE_ROOT";
		};
		4624840B65FC398D6DD1F54A = {
			isa = PBXFileReference;
			lastKnownFileType = text.plist.xml;
			name = "Info-VST3.plist";
			path = "Info-VST3.plist";
			sourceTree = "SOURCE_ROOT";
		};
		46B1B9A31065824607ED9BB1 = {
			isa = PBXFileReference;
			lastKnownFileType = sourcecode.cpp.cpp;
			name = "include_juce_audio_plugin_client_utils.cpp";
			path = "../../JuceLibraryCode/include_juce_audio_plugin_client_utils.cpp";
			sourceTree = "SOURCE_ROOT";
		};
		51DB2CB09D3EAD44C3F8D3D1 = {
			isa = PBXFileReference;
			lastKnownFileType = wrapper.framework;
			name = CoreMIDI.framework;
			path = System/Library/Frameworks/CoreMIDI.framework;
			sourceTree = SDKROOT;
		};
		5675A9023DBDFF72857FE3E0 = {
			isa = PBXFileReference;
			lastKnownFileType = wrapper.framework;
			name = AudioToolbox.framework;
			path = System/Library/Frameworks/AudioToolbox.framework;
			sourceTree = SDKROOT;
		};
		5EDDD4430AB1EC35D748ADF3 = {
			isa = PBXFileReference;
			lastKnownFileType = wrapper.framework;
			name = Accelerate.framework;
			path = System/Library/Frameworks/Accelerate.framework;
			sourceTree = SDKROOT;
		};
		6F54F8A6F6BDB8954A3A65D6 = {
			isa = PBXFileReference;
			lastKnownFileType = file;
			name = "juce_audio_devices";
			path = "/Applications/JUCE/modules/juce_audio_devices";
			sourceTree = "<absolute>";
		};
		7671AAE9D49FF2DF164FA3F8 = {
			isa = PBXFileReference;
			lastKnownFileType = sourcecode.cpp.objcpp;
			name = "include_juce_audio_utils.mm";
			path = "../../JuceLibraryCode/include_juce_audio_utils.mm";
			sourceTree = "SOURCE_ROOT";
		};
		7A74430CECD8E463A372F399 = {
			isa = PBXFileReference;
			lastKnownFileType = wrapper.framework;
			name = CoreAudio.framework;
			path = System/Library/Frameworks/CoreAudio.framework;
			sourceTree = SDKROOT;
		};
		7DEE51FF1DFCD64D1F7DB673 = {
			isa = PBXFileReference;
			explicitFileType = archive.ar;
			includeInIndex = 0;
			path = libDCblocker.a;
			sourceTree = "BUILT_PRODUCTS_DIR";
		};
		823EBA68A865AEAEC5DFB42A = {
			isa = PBXFileReference;
			lastKnownFileType = sourcecode.cpp.objcpp;
			name = "include_juce_graphics.mm";
			path = "../../JuceLibraryCode/include_juce_graphics.mm";
			sourceTree = "SOURCE_ROOT";
		};
		831E21FE96E22C46B056B74A = {
			isa = PBXFileReference;
			lastKnownFileType = sourcecode.cpp.objcpp;
			name = "include_juce_audio_formats.mm";
			path = "../../JuceLibraryCode/include_juce_audio_formats.mm";
			sourceTree = "SOURCE_ROOT";
		};
		83991181F3F999B7166CB910 = {
			isa = PBXFileReference;
			lastKnownFileType = file;
			name = "juce_events";
			path = "/Applications/JUCE/modules/juce_events";
			sourceTree = "<absolute>";
		};
		85E7EE1B306249118F569F4D = {
			isa = PBXFileReference;
			lastKnownFileType = file;
			name = "juce_gui_extra";
			path = "/Applications/JUCE/modules/juce_gui_extra";
			sourceTree = "<absolute>";
		};
		8FAAF56F59B409816D45A301 = {
			isa = PBXFileReference;
			lastKnownFileType = wrapper.framework;
			name = IOKit.framework;
			path = System/Library/Frameworks/IOKit.framework;
			sourceTree = SDKROOT;
		};
		91AE68B042C797E727B4CA82 = {
			isa = PBXFileReference;
			lastKnownFileType = file;
			name = "juce_cryptography";
			path = "/Applications/JUCE/modules/juce_cryptography";
			sourceTree = "<absolute>";
		};
		93683F85C82A892F8D8A5EB4 = {
			isa = PBXFileReference;
			lastKnownFileType = file;
			name = "juce_audio_plugin_client";
			path = "/Applications/JUCE/modules/juce_audio_plugin_client";
			sourceTree = "<absolute>";
		};
		95A4DB1E3934EE4D02FADBA8 = {
			isa = PBXFileReference;
			lastKnownFileType = sourcecode.cpp.objcpp;
			name = "include_juce_audio_basics.mm";
			path = "../../JuceLibraryCode/include_juce_audio_basics.mm";
			sourceTree = "SOURCE_ROOT";
		};
		96D6B571B702E157297C721F = {
			isa = PBXFileReference;
			lastKnownFileType = sourcecode.c.h;
			name = PluginProcessor.h;
			path = ../../Source/PluginProcessor.h;
			sourceTree = "SOURCE_ROOT";
		};
		971012B81F133FCAF89F4F18 = {
			isa = PBXFileReference;
			lastKnownFileType = sourcecode.c.h;
			name = AppConfig.h;
			path = ../../JuceLibraryCode/AppConfig.h;
			sourceTree = "SOURCE_ROOT";
		};
		980399813E7D6AF63C116710 = {
			isa = PBXFileReference;
			lastKnownFileType = sourcecode.cpp.objcpp;
			name = "include_juce_audio_plugin_client_AU_2.mm";
			path = "../../JuceLibraryCode/include_juce_audio_plugin_client_AU_2.mm";
			sourceTree = "SOURCE_ROOT";
		};
		98C05FC174AABADED0E0DE8A = {
			isa = PBXFileReference;
			lastKnownFileType = text.plist.xml;
			name = "Info-AU.plist";
			path = "Info-AU.plist";
			sourceTree = "SOURCE_ROOT";
		};
		A346D1415AB65523D977C5FF = {
			isa = PBXFileReference;
			lastKnownFileType = file;
			name = "juce_audio_processors";
			path = "/Applications/JUCE/modules/juce_audio_processors";
			sourceTree = "<absolute>";
		};
		AC989FCED0F646899E339CF4 = {
			isa = PBXFileReference;
			lastKnownFileType = file;
			name = "juce_core";
			path = "/Applications/JUCE/modules/juce_core";
			sourceTree = "<absolute>";
		};
		ADBB0619AA84396CFE036331 = {
			isa = PBXFileReference;
			lastKnownFileType = sourcecode.cpp.cpp;
			name = DCblock.cpp;
			path = ../../Source/DCblock.cpp;
			sourceTree = "SOURCE_ROOT";
		};
		B61AB758A939FBAA58C5AF7E = {
			isa = PBXFileReference;
			lastKnownFileType = sourcecode.cpp.objcpp;
			name = "include_juce_audio_plugin_client_AU_1.mm";
			path = "../../JuceLibraryCode/include_juce_audio_plugin_client_AU_1.mm";
			sourceTree = "SOURCE_ROOT";
		};
		B78F88B4C458FEA5255C2D34 = {
			isa = PBXFileReference;
			lastKnownFileType = sourcecode.cpp.objcpp;
			name = "include_juce_data_structures.mm";
			path = "../../JuceLibraryCode/include_juce_data_structures.mm";
			sourceTree = "SOURCE_ROOT";
		};
		B94FB0A4737BC8CDCAD7886B = {
			isa = PBXFileReference;
			lastKnownFileType = wrapper.framework;
			name = WebKit.framework;
			path = System/Library/Frameworks/WebKit.framework;
			sourceTree = SDKROOT;
		};
		B9651149A5E54D4105CDCE7A = {
			isa = PBXFileReference;
			lastKnownFileType = sourcecode.cpp.cpp;
			name = PluginEditor.cpp;
			path = ../../Source/PluginEditor.cpp;
			sourceTree = "SOURCE_ROOT";
		};
		BAE1AB3DA951AD2BC42AB775 = {
			isa = PBXFileReference;
			lastKnownFileType = sourcecode.cpp.objcpp;
			name = "include_juce_cryptography.mm";
			path = "../../JuceLibraryCode/include_juce_cryptography.mm";
			sourceTree = "SOURCE_ROOT";
		};
		BDB188C9F785235D3E333386 = {
			isa = PBXFileReference;
			lastKnownFileType = sourcecode.cpp.objcpp;
			name = "include_juce_core.mm";
			path = "../../JuceLibraryCode/include_juce_core.mm";
			sourceTree = "SOURCE_ROOT";
		};
		C64D759E317D071805081377 = {
			isa = PBXFileReference;
			lastKnownFileType = file.nib;
			name = RecentFilesMenuTemplate.nib;
			path = RecentFilesMenuTemplate.nib;
			sourceTree = "SOURCE_ROOT";
		};
		C7ADF6866093898F755BA4BD = {
			isa = PBXFileReference;
			lastKnownFileType = wrapper.framework;
			name = Carbon.framework;
			path = System/Library/Frameworks/Carbon.framework;
			sourceTree = SDKROOT;
		};
		D4DBDF176FBA5C38C4D8CA3F = {
			isa = PBXFileReference;
			lastKnownFileType = sourcecode.cpp.objcpp;
			name = "include_juce_audio_plugin_client_VST_utils.mm";
			path = "../../JuceLibraryCode/include_juce_audio_plugin_client_VST_utils.mm";
			sourceTree = "SOURCE_ROOT";
		};
		D9235292D5112C09016F7066 = {
			isa = PBXFileReference;
			lastKnownFileType = file;
			name = "juce_gui_basics";
			path = "/Applications/JUCE/modules/juce_gui_basics";
			sourceTree = "<absolute>";
		};
		DF7C543E22BBC53F5F35A9B7 = {
			isa = PBXFileReference;
			lastKnownFileType = sourcecode.cpp.objcpp;
			name = "include_juce_events.mm";
			path = "../../JuceLibraryCode/include_juce_events.mm";
			sourceTree = "SOURCE_ROOT";
		};
		E7898DF6B803A3F2A0AE9E54 = {
			isa = PBXFileReference;
			lastKnownFileType = file;
			name = "juce_audio_utils";
			path = "/Applications/JUCE/modules/juce_audio_utils";
			sourceTree = "<absolute>";
		};
		EA68776907CC4FAFA6F59940 = {
			isa = PBXFileReference;
			lastKnownFileType = wrapper.framework;
			name = OpenGL.framework;
			path = System/Library/Frameworks/OpenGL.framework;
			sourceTree = SDKROOT;
		};
		ECF81ADDCBC52958D60F8BDB = {
			isa = PBXFileReference;
			lastKnownFileType = wrapper.framework;
			name = QuartzCore.framework;
			path = System/Library/Frameworks/QuartzCore.framework;
			sourceTree = SDKROOT;
		};
		EF91C1BDEDC0473DC81A1D9B = {
			isa = PBXFileReference;
			lastKnownFileType = file;
			name = "juce_audio_basics";
			path = "/Applications/JUCE/modules/juce_audio_basics";
			sourceTree = "<absolute>";
		};
		F32F5099FAB3E5F9622E03F5 = {
			isa = PBXFileReference;
			lastKnownFileType = sourcecode.cpp.objcpp;
			name = "include_juce_opengl.mm";
			path = "../../JuceLibraryCode/include_juce_opengl.mm";
			sourceTree = "SOURCE_ROOT";
		};
		F416CF4B4997299306458343 = {
			isa = PBXFileReference;
			lastKnownFileType = sourcecode.cpp.objcpp;
			name = "include_juce_audio_processors.mm";
			path = "../../JuceLibraryCode/include_juce_audio_processors.mm";
			sourceTree = "SOURCE_ROOT";
		};
		F523653F13D46D7647FC4E69 = {
			isa = PBXFileReference;
			lastKnownFileType = file;
			name = "juce_graphics";
			path = "/Applications/JUCE/modules/juce_graphics";
			sourceTree = "<absolute>";
		};
		FBD286B3A97D76419B9748E2 = {
			isa = PBXFileReference;
			lastKnownFileType = sourcecode.cpp.objcpp;
			name = "include_juce_gui_basics.mm";
			path = "../../JuceLibraryCode/include_juce_gui_basics.mm";
			sourceTree = "SOURCE_ROOT";
		};
		29DDF6B38988202DA27B40FB = {
			isa = PBXGroup;
			children = (
				ADBB0619AA84396CFE036331,
				1A8771C0522D6F515F232DDF,
				02498A965EFF89ED531FE1DA,
				96D6B571B702E157297C721F,
				B9651149A5E54D4105CDCE7A,
				1430B030BD0732AE24F63417,
			);
			name = Source;
			sourceTree = "<group>";
		};
		CF05CF652A18F0361D57DA58 = {
			isa = PBXGroup;
			children = (
				29DDF6B38988202DA27B40FB,
			);
			name = DCblocker;
			sourceTree = "<group>";
		};
		758853D0175663524CF9AB43 = {
			isa = PBXGroup;
			children = (
				EF91C1BDEDC0473DC81A1D9B,
				6F54F8A6F6BDB8954A3A65D6,
				179896E43E17D2E8FA826F94,
				93683F85C82A892F8D8A5EB4,
				A346D1415AB65523D977C5FF,
				E7898DF6B803A3F2A0AE9E54,
				AC989FCED0F646899E339CF4,
				91AE68B042C797E727B4CA82,
				0CFE3F9EA1CA8BBB1BE4F4CE,
				83991181F3F999B7166CB910,
				F523653F13D46D7647FC4E69,
				D9235292D5112C09016F7066,
				85E7EE1B306249118F569F4D,
				1CDF9E02B39FE910467122A8,
			);
			name = "JUCE Modules";
			sourceTree = "<group>";
		};
		B668E62E444D34D78E9D1AEC = {
			isa = PBXGroup;
			children = (
				971012B81F133FCAF89F4F18,
				95A4DB1E3934EE4D02FADBA8,
				3738E75C541F7C67194445DA,
				831E21FE96E22C46B056B74A,
				274C3A263391EB795CF5529E,
				B61AB758A939FBAA58C5AF7E,
				980399813E7D6AF63C116710,
				45C279C8DD4F869071579DAC,
				46B1B9A31065824607ED9BB1,
				D4DBDF176FBA5C38C4D8CA3F,
				1F3743BB7CC792CAD56108D7,
				F416CF4B4997299306458343,
				7671AAE9D49FF2DF164FA3F8,
				BDB188C9F785235D3E333386,
				BAE1AB3DA951AD2BC42AB775,
				B78F88B4C458FEA5255C2D34,
				DF7C543E22BBC53F5F35A9B7,
				823EBA68A865AEAEC5DFB42A,
				FBD286B3A97D76419B9748E2,
				3A127B39AB013FF5635E32DA,
				F32F5099FAB3E5F9622E03F5,
				424CF418AF9139B984386945,
			);
			name = "JUCE Library Code";
			sourceTree = "<group>";
		};
		0214050AA44EB7587E3E46E7 = {
			isa = PBXGroup;
			children = (
				4624840B65FC398D6DD1F54A,
				98C05FC174AABADED0E0DE8A,
				1D4F3F4511AE85B71A5B407B,
				C64D759E317D071805081377,
			);
			name = Resources;
			sourceTree = "<group>";
		};
		136D69FD14EF1AD920ED2353 = {
			isa = PBXGroup;
			children = (
				32F297CC4F5E6F24156AC515,
				5EDDD4430AB1EC35D748ADF3,
				5675A9023DBDFF72857FE3E0,
				C7ADF6866093898F755BA4BD,
				0AE1C126D84739E3C25F586B,
				7A74430CECD8E463A372F399,
				324FECC7762B2E4F35A6B1AE,
				51DB2CB09D3EAD44C3F8D3D1,
				3F86B8179912E631CA25FD6E,
				8FAAF56F59B409816D45A301,
				EA68776907CC4FAFA6F59940,
				ECF81ADDCBC52958D60F8BDB,
				B94FB0A4737BC8CDCAD7886B,
			);
			name = Frameworks;
			sourceTree = "<group>";
		};
		01372ABD3CF4245ED5105C86 = {
			isa = PBXGroup;
			children = (
				C22BDD9AFFF82D615448B1B0,
				29F91EED60B4178B2D6BB0D0,
				1E7DA46A9D04D418FBCCAFC9,
				7DEE51FF1DFCD64D1F7DB673,
			);
			name = Products;
			sourceTree = "<group>";
		};
		090BDC89CE63738AD5061BE7 = {
			isa = PBXGroup;
			children = (
				CF05CF652A18F0361D57DA58,
				758853D0175663524CF9AB43,
				B668E62E444D34D78E9D1AEC,
				0214050AA44EB7587E3E46E7,
				136D69FD14EF1AD920ED2353,
				01372ABD3CF4245ED5105C86,
			);
			name = Source;
			sourceTree = "<group>";
		};
		28B9B0751B768639B07CACA3 = {
			isa = XCBuildConfiguration;
			buildSettings = {
				MACOSX_DEPLOYMENT_TARGET = 10.11;
				SDKROOT = macosx;
			};
			name = Debug;
		};
		1DEDC0243F347E11BB45A9AF = {
			isa = XCBuildConfiguration;
			buildSettings = {
				MACOSX_DEPLOYMENT_TARGET = 10.11;
				SDKROOT = macosx;
			};
			name = Release;
		};
		B55A2813BC1C832ED1301BCD = {
			isa = XCBuildConfiguration;
			buildSettings = {
				CLANG_CXX_LANGUAGE_STANDARD = "c++14";
				CLANG_CXX_LIBRARY = "libc++";
				CLANG_LINK_OBJC_RUNTIME = NO;
				CODE_SIGN_IDENTITY = "";
				COMBINE_HIDPI_IMAGES = YES;
				CONFIGURATION_BUILD_DIR = "$(PROJECT_DIR)/build/$(CONFIGURATION)";
				COPY_PHASE_STRIP = NO;
				DEPLOYMENT_LOCATION = YES;
				DSTROOT = /;
				GCC_DYNAMIC_NO_PIC = NO;
				GCC_OPTIMIZATION_LEVEL = 0;
				GCC_PREPROCESSOR_DEFINITIONS = (
					"_DEBUG=1",
					"DEBUG=1",
					"JUCER_XCODE_MAC_F6D2F4CF=1",
					"JUCE_APP_VERSION=1.0.0",
					"JUCE_APP_VERSION_HEX=0x10000",
					"JucePlugin_Build_VST=0",
					"JucePlugin_Build_VST3=1",
					"JucePlugin_Build_AU=0",
					"JucePlugin_Build_AUv3=0",
					"JucePlugin_Build_RTAS=0",
					"JucePlugin_Build_AAX=0",
					"JucePlugin_Build_Standalone=0",
					"JucePlugin_Build_Unity=0",
				);
				GCC_VERSION = com.apple.compilers.llvm.clang.1_0;
				GENERATE_PKGINFO_FILE = YES;
				HEADER_SEARCH_PATHS = (
					"/Applications/JUCE/modules/juce_audio_processors/format_types/VST3_SDK",
					"../../JuceLibraryCode",
					"/Applications/JUCE/modules",
					"/Applications/JUCE/modules/juce_audio_plugin_client",
					"$(inherited)",
				);
				INFOPLIST_FILE = Info-VST3.plist;
				INFOPLIST_PREPROCESS = NO;
				INSTALL_PATH = "$(HOME)/Library/Audio/Plug-Ins/VST3/";
				LIBRARY_STYLE = Bundle;
				MACOSX_DEPLOYMENT_TARGET = 10.11;
				OTHER_LDFLAGS = "-bundle -lDCblocker";
				PRODUCT_BUNDLE_IDENTIFIER = com.yourcompany.DCblocker;
				PRODUCT_NAME = "DCblocker";
				USE_HEADERMAP = NO;
				WRAPPER_EXTENSION = vst3;
			};
			name = Debug;
		};
		EE26FEF7BEA2CCF2D82FB597 = {
			isa = XCBuildConfiguration;
			buildSettings = {
				CLANG_CXX_LANGUAGE_STANDARD = "c++14";
				CLANG_CXX_LIBRARY = "libc++";
				CLANG_LINK_OBJC_RUNTIME = NO;
				CODE_SIGN_IDENTITY = "";
				COMBINE_HIDPI_IMAGES = YES;
				CONFIGURATION_BUILD_DIR = "$(PROJECT_DIR)/build/$(CONFIGURATION)";
				DEAD_CODE_STRIPPING = YES;
				DEPLOYMENT_LOCATION = YES;
				DSTROOT = /;
				GCC_GENERATE_DEBUGGING_SYMBOLS = NO;
				GCC_OPTIMIZATION_LEVEL = 3;
				GCC_PREPROCESSOR_DEFINITIONS = (
					"_NDEBUG=1",
					"NDEBUG=1",
					"JUCER_XCODE_MAC_F6D2F4CF=1",
					"JUCE_APP_VERSION=1.0.0",
					"JUCE_APP_VERSION_HEX=0x10000",
					"JucePlugin_Build_VST=0",
					"JucePlugin_Build_VST3=1",
					"JucePlugin_Build_AU=0",
					"JucePlugin_Build_AUv3=0",
					"JucePlugin_Build_RTAS=0",
					"JucePlugin_Build_AAX=0",
					"JucePlugin_Build_Standalone=0",
					"JucePlugin_Build_Unity=0",
				);
				GCC_SYMBOLS_PRIVATE_EXTERN = YES;
				GCC_VERSION = com.apple.compilers.llvm.clang.1_0;
				GENERATE_PKGINFO_FILE = YES;
				HEADER_SEARCH_PATHS = (
					"/Applications/JUCE/modules/juce_audio_processors/format_types/VST3_SDK",
					"../../JuceLibraryCode",
					"/Applications/JUCE/modules",
					"/Applications/JUCE/modules/juce_audio_plugin_client",
					"$(inherited)",
				);
				INFOPLIST_FILE = Info-VST3.plist;
				INFOPLIST_PREPROCESS = NO;
				INSTALL_PATH = "$(HOME)/Library/Audio/Plug-Ins/VST3/";
				LIBRARY_STYLE = Bundle;
				LLVM_LTO = YES;
				MACOSX_DEPLOYMENT_TARGET = 10.11;
				OTHER_LDFLAGS = "-bundle -lDCblocker";
				PRODUCT_BUNDLE_IDENTIFIER = com.yourcompany.DCblocker;
				PRODUCT_NAME = "DCblocker";
				USE_HEADERMAP = NO;
				WRAPPER_EXTENSION = vst3;
			};
			name = Release;
		};
		5CAEAEC7CBDD986672A6EFBE = {
			isa = XCBuildConfiguration;
			buildSettings = {
				CLANG_CXX_LANGUAGE_STANDARD = "c++14";
				CLANG_CXX_LIBRARY = "libc++";
				CLANG_LINK_OBJC_RUNTIME = NO;
				CODE_SIGN_IDENTITY = "";
				COMBINE_HIDPI_IMAGES = YES;
				CONFIGURATION_BUILD_DIR = "$(PROJECT_DIR)/build/$(CONFIGURATION)";
				COPY_PHASE_STRIP = NO;
				DEPLOYMENT_LOCATION = YES;
				DSTROOT = /;
				GCC_DYNAMIC_NO_PIC = NO;
				GCC_OPTIMIZATION_LEVEL = 0;
				GCC_PREPROCESSOR_DEFINITIONS = (
					"_DEBUG=1",
					"DEBUG=1",
					"JUCER_XCODE_MAC_F6D2F4CF=1",
					"JUCE_APP_VERSION=1.0.0",
					"JUCE_APP_VERSION_HEX=0x10000",
					"JucePlugin_Build_VST=0",
					"JucePlugin_Build_VST3=0",
					"JucePlugin_Build_AU=1",
					"JucePlugin_Build_AUv3=0",
					"JucePlugin_Build_RTAS=0",
					"JucePlugin_Build_AAX=0",
					"JucePlugin_Build_Standalone=0",
					"JucePlugin_Build_Unity=0",
				);
				GCC_VERSION = com.apple.compilers.llvm.clang.1_0;
				GENERATE_PKGINFO_FILE = YES;
				HEADER_SEARCH_PATHS = (
					"/Applications/JUCE/modules/juce_audio_processors/format_types/VST3_SDK",
					"../../JuceLibraryCode",
					"/Applications/JUCE/modules",
					"/Applications/JUCE/modules/juce_audio_plugin_client",
					"$(inherited)",
				);
				INFOPLIST_FILE = Info-AU.plist;
				INFOPLIST_PREPROCESS = NO;
				INSTALL_PATH = "$(HOME)/Library/Audio/Plug-Ins/Components/";
				LIBRARY_STYLE = Bundle;
				MACOSX_DEPLOYMENT_TARGET = 10.11;
				OTHER_LDFLAGS = "-bundle -lDCblocker";
				OTHER_REZFLAGS = "-d ppc_$ppc -d i386_$i386 -d ppc64_$ppc64 -d x86_64_$x86_64 -I /System/Library/Frameworks/CoreServices.framework/Frameworks/CarbonCore.framework/Versions/A/Headers -I \"$(DEVELOPER_DIR)/Extras/CoreAudio/AudioUnits/AUPublic/AUBase\" -I \"$(DEVELOPER_DIR)/Platforms/MacOSX.platform/Developer/SDKs/MacOSX.sdk/System/Library/Frameworks/AudioUnit.framework/Headers\"";
				PRODUCT_BUNDLE_IDENTIFIER = com.yourcompany.DCblocker;
				PRODUCT_NAME = "DCblocker";
				USE_HEADERMAP = NO;
				WRAPPER_EXTENSION = component;
			};
			name = Debug;
		};
		1910A87F2FF02E8B3DCF421F = {
			isa = XCBuildConfiguration;
			buildSettings = {
				CLANG_CXX_LANGUAGE_STANDARD = "c++14";
				CLANG_CXX_LIBRARY = "libc++";
				CLANG_LINK_OBJC_RUNTIME = NO;
				CODE_SIGN_IDENTITY = "";
				COMBINE_HIDPI_IMAGES = YES;
				CONFIGURATION_BUILD_DIR = "$(PROJECT_DIR)/build/$(CONFIGURATION)";
				DEAD_CODE_STRIPPING = YES;
				DEPLOYMENT_LOCATION = YES;
				DSTROOT = /;
				GCC_GENERATE_DEBUGGING_SYMBOLS = NO;
				GCC_OPTIMIZATION_LEVEL = 3;
				GCC_PREPROCESSOR_DEFINITIONS = (
					"_NDEBUG=1",
					"NDEBUG=1",
					"JUCER_XCODE_MAC_F6D2F4CF=1",
					"JUCE_APP_VERSION=1.0.0",
					"JUCE_APP_VERSION_HEX=0x10000",
					"JucePlugin_Build_VST=0",
					"JucePlugin_Build_VST3=0",
					"JucePlugin_Build_AU=1",
					"JucePlugin_Build_AUv3=0",
					"JucePlugin_Build_RTAS=0",
					"JucePlugin_Build_AAX=0",
					"JucePlugin_Build_Standalone=0",
					"JucePlugin_Build_Unity=0",
				);
				GCC_SYMBOLS_PRIVATE_EXTERN = YES;
				GCC_VERSION = com.apple.compilers.llvm.clang.1_0;
				GENERATE_PKGINFO_FILE = YES;
				HEADER_SEARCH_PATHS = (
					"/Applications/JUCE/modules/juce_audio_processors/format_types/VST3_SDK",
					"../../JuceLibraryCode",
					"/Applications/JUCE/modules",
					"/Applications/JUCE/modules/juce_audio_plugin_client",
					"$(inherited)",
				);
				INFOPLIST_FILE = Info-AU.plist;
				INFOPLIST_PREPROCESS = NO;
				INSTALL_PATH = "$(HOME)/Library/Audio/Plug-Ins/Components/";
				LIBRARY_STYLE = Bundle;
				LLVM_LTO = YES;
				MACOSX_DEPLOYMENT_TARGET = 10.11;
				OTHER_LDFLAGS = "-bundle -lDCblocker";
				OTHER_REZFLAGS = "-d ppc_$ppc -d i386_$i386 -d ppc64_$ppc64 -d x86_64_$x86_64 -I /System/Library/Frameworks/CoreServices.framework/Frameworks/CarbonCore.framework/Versions/A/Headers -I \"$(DEVELOPER_DIR)/Extras/CoreAudio/AudioUnits/AUPublic/AUBase\" -I \"$(DEVELOPER_DIR)/Platforms/MacOSX.platform/Developer/SDKs/MacOSX.sdk/System/Library/Frameworks/AudioUnit.framework/Headers\"";
				PRODUCT_BUNDLE_IDENTIFIER = com.yourcompany.DCblocker;
				PRODUCT_NAME = "DCblocker";
				USE_HEADERMAP = NO;
				WRAPPER_EXTENSION = component;
			};
			name = Release;
		};
		0C019CD34AA47C1B91FBAFD9 = {
			isa = XCBuildConfiguration;
			buildSettings = {
				CLANG_CXX_LANGUAGE_STANDARD = "c++14";
				CLANG_CXX_LIBRARY = "libc++";
				CLANG_LINK_OBJC_RUNTIME = NO;
				CODE_SIGN_IDENTITY = "";
				COMBINE_HIDPI_IMAGES = YES;
				CONFIGURATION_BUILD_DIR = "$(PROJECT_DIR)/build/$(CONFIGURATION)";
				COPY_PHASE_STRIP = NO;
				GCC_DYNAMIC_NO_PIC = NO;
				GCC_OPTIMIZATION_LEVEL = 0;
				GCC_PREPROCESSOR_DEFINITIONS = (
					"_DEBUG=1",
					"DEBUG=1",
					"JUCER_XCODE_MAC_F6D2F4CF=1",
					"JUCE_APP_VERSION=1.0.0",
					"JUCE_APP_VERSION_HEX=0x10000",
					"JucePlugin_Build_VST=0",
					"JucePlugin_Build_VST3=0",
					"JucePlugin_Build_AU=0",
					"JucePlugin_Build_AUv3=0",
					"JucePlugin_Build_RTAS=0",
					"JucePlugin_Build_AAX=0",
					"JucePlugin_Build_Standalone=1",
					"JucePlugin_Build_Unity=0",
				);
				GCC_VERSION = com.apple.compilers.llvm.clang.1_0;
				HEADER_SEARCH_PATHS = (
					"/Applications/JUCE/modules/juce_audio_processors/format_types/VST3_SDK",
					"../../JuceLibraryCode",
					"/Applications/JUCE/modules",
					"/Applications/JUCE/modules/juce_audio_plugin_client",
					"$(inherited)",
				);
				INFOPLIST_FILE = Info-Standalone_Plugin.plist;
				INFOPLIST_PREPROCESS = NO;
				MACOSX_DEPLOYMENT_TARGET = 10.11;
				OTHER_LDFLAGS = "-lDCblocker";
				PRODUCT_BUNDLE_IDENTIFIER = com.yourcompany.DCblocker;
				PRODUCT_NAME = "DCblocker";
				USE_HEADERMAP = NO;
			};
			name = Debug;
		};
		B15A7E88484D37E8297D35B6 = {
			isa = XCBuildConfiguration;
			buildSettings = {
				CLANG_CXX_LANGUAGE_STANDARD = "c++14";
				CLANG_CXX_LIBRARY = "libc++";
				CLANG_LINK_OBJC_RUNTIME = NO;
				CODE_SIGN_IDENTITY = "";
				COMBINE_HIDPI_IMAGES = YES;
				CONFIGURATION_BUILD_DIR = "$(PROJECT_DIR)/build/$(CONFIGURATION)";
				DEAD_CODE_STRIPPING = YES;
				GCC_GENERATE_DEBUGGING_SYMBOLS = NO;
				GCC_OPTIMIZATION_LEVEL = 3;
				GCC_PREPROCESSOR_DEFINITIONS = (
					"_NDEBUG=1",
					"NDEBUG=1",
					"JUCER_XCODE_MAC_F6D2F4CF=1",
					"JUCE_APP_VERSION=1.0.0",
					"JUCE_APP_VERSION_HEX=0x10000",
					"JucePlugin_Build_VST=0",
					"JucePlugin_Build_VST3=0",
					"JucePlugin_Build_AU=0",
					"JucePlugin_Build_AUv3=0",
					"JucePlugin_Build_RTAS=0",
					"JucePlugin_Build_AAX=0",
					"JucePlugin_Build_Standalone=1",
					"JucePlugin_Build_Unity=0",
				);
				GCC_SYMBOLS_PRIVATE_EXTERN = YES;
				GCC_VERSION = com.apple.compilers.llvm.clang.1_0;
				HEADER_SEARCH_PATHS = (
					"/Applications/JUCE/modules/juce_audio_processors/format_types/VST3_SDK",
					"../../JuceLibraryCode",
					"/Applications/JUCE/modules",
					"/Applications/JUCE/modules/juce_audio_plugin_client",
					"$(inherited)",
				);
				INFOPLIST_FILE = Info-Standalone_Plugin.plist;
				INFOPLIST_PREPROCESS = NO;
				LLVM_LTO = YES;
				MACOSX_DEPLOYMENT_TARGET = 10.11;
				OTHER_LDFLAGS = "-lDCblocker";
				PRODUCT_BUNDLE_IDENTIFIER = com.yourcompany.DCblocker;
				PRODUCT_NAME = "DCblocker";
				USE_HEADERMAP = NO;
			};
			name = Release;
		};
		AED72FE51709EBCC15A114D6 = {
			isa = XCBuildConfiguration;
			buildSettings = {
				CLANG_CXX_LANGUAGE_STANDARD = "c++14";
				CLANG_CXX_LIBRARY = "libc++";
				CLANG_LINK_OBJC_RUNTIME = NO;
				CODE_SIGN_IDENTITY = "";
				COMBINE_HIDPI_IMAGES = YES;
				CONFIGURATION_BUILD_DIR = "$(PROJECT_DIR)/build/$(CONFIGURATION)";
				COPY_PHASE_STRIP = NO;
				GCC_DYNAMIC_NO_PIC = NO;
				GCC_OPTIMIZATION_LEVEL = 0;
				GCC_PREPROCESSOR_DEFINITIONS = (
					"_DEBUG=1",
					"DEBUG=1",
					"JUCER_XCODE_MAC_F6D2F4CF=1",
					"JUCE_APP_VERSION=1.0.0",
					"JUCE_APP_VERSION_HEX=0x10000",
					"JucePlugin_Build_VST=0",
					"JucePlugin_Build_VST3=1",
					"JucePlugin_Build_AU=1",
					"JucePlugin_Build_AUv3=0",
					"JucePlugin_Build_RTAS=0",
					"JucePlugin_Build_AAX=0",
					"JucePlugin_Build_Standalone=1",
					"JucePlugin_Build_Unity=0",
					"JUCE_SHARED_CODE=1",
				);
				GCC_VERSION = com.apple.compilers.llvm.clang.1_0;
				HEADER_SEARCH_PATHS = (
					"/Applications/JUCE/modules/juce_audio_processors/format_types/VST3_SDK",
					"../../JuceLibraryCode",
					"/Applications/JUCE/modules",
					"/Applications/JUCE/modules/juce_audio_plugin_client",
					"$(inherited)",
				);
				INSTALL_PATH = "@executable_path/../Frameworks";
				MACOSX_DEPLOYMENT_TARGET = 10.11;
				PRODUCT_BUNDLE_IDENTIFIER = com.yourcompany.DCblocker;
				PRODUCT_NAME = "DCblocker";
				SKIP_INSTALL = YES;
				USE_HEADERMAP = NO;
			};
			name = Debug;
		};
		DF9546E0C221DD7A7E640B6A = {
			isa = XCBuildConfiguration;
			buildSettings = {
				CLANG_CXX_LANGUAGE_STANDARD = "c++14";
				CLANG_CXX_LIBRARY = "libc++";
				CLANG_LINK_OBJC_RUNTIME = NO;
				CODE_SIGN_IDENTITY = "";
				COMBINE_HIDPI_IMAGES = YES;
				CONFIGURATION_BUILD_DIR = "$(PROJECT_DIR)/build/$(CONFIGURATION)";
				DEAD_CODE_STRIPPING = YES;
				GCC_GENERATE_DEBUGGING_SYMBOLS = NO;
				GCC_OPTIMIZATION_LEVEL = 3;
				GCC_PREPROCESSOR_DEFINITIONS = (
					"_NDEBUG=1",
					"NDEBUG=1",
					"JUCER_XCODE_MAC_F6D2F4CF=1",
					"JUCE_APP_VERSION=1.0.0",
					"JUCE_APP_VERSION_HEX=0x10000",
					"JucePlugin_Build_VST=0",
					"JucePlugin_Build_VST3=1",
					"JucePlugin_Build_AU=1",
					"JucePlugin_Build_AUv3=0",
					"JucePlugin_Build_RTAS=0",
					"JucePlugin_Build_AAX=0",
					"JucePlugin_Build_Standalone=1",
					"JucePlugin_Build_Unity=0",
					"JUCE_SHARED_CODE=1",
				);
				GCC_SYMBOLS_PRIVATE_EXTERN = YES;
				GCC_VERSION = com.apple.compilers.llvm.clang.1_0;
				HEADER_SEARCH_PATHS = (
					"/Applications/JUCE/modules/juce_audio_processors/format_types/VST3_SDK",
					"../../JuceLibraryCode",
					"/Applications/JUCE/modules",
					"/Applications/JUCE/modules/juce_audio_plugin_client",
					"$(inherited)",
				);
				INSTALL_PATH = "@executable_path/../Frameworks";
				LLVM_LTO = YES;
				MACOSX_DEPLOYMENT_TARGET = 10.11;
				PRODUCT_BUNDLE_IDENTIFIER = com.yourcompany.DCblocker;
				PRODUCT_NAME = "DCblocker";
				SKIP_INSTALL = YES;
				USE_HEADERMAP = NO;
			};
			name = Release;
		};
		B4A3C92F3E2D263F174B725A = {
			isa = XCBuildConfiguration;
			buildSettings = {
				ALWAYS_SEARCH_USER_PATHS = NO;
				CLANG_ENABLE_OBJC_WEAK = YES;
				CLANG_WARN_BLOCK_CAPTURE_AUTORELEASING = YES;
				CLANG_WARN_BOOL_CONVERSION = YES;
				CLANG_WARN_COMMA = YES;
				CLANG_WARN_CONSTANT_CONVERSION = YES;
				CLANG_WARN_DEPRECATED_OBJC_IMPLEMENTATIONS = YES;
				CLANG_WARN_EMPTY_BODY = YES;
				CLANG_WARN_ENUM_CONVERSION = YES;
				CLANG_WARN_INFINITE_RECURSION = YES;
				CLANG_WARN_INT_CONVERSION = YES;
				CLANG_WARN_NON_LITERAL_NULL_CONVERSION = YES;
				CLANG_WARN_OBJC_IMPLICIT_RETAIN_SELF = YES;
				CLANG_WARN_OBJC_LITERAL_CONVERSION = YES;
				CLANG_WARN_RANGE_LOOP_ANALYSIS = YES;
				CLANG_WARN_STRICT_PROTOTYPES = YES;
				CLANG_WARN_SUSPICIOUS_MOVE = YES;
				CLANG_WARN_UNREACHABLE_CODE = YES;
				CLANG_WARN__DUPLICATE_METHOD_MATCH = YES;
				CODE_SIGN_IDENTITY = "";
				DEBUG_INFORMATION_FORMAT = dwarf;
				ENABLE_STRICT_OBJC_MSGSEND = YES;
				ENABLE_TESTABILITY = YES;
				GCC_C_LANGUAGE_STANDARD = c11;
				GCC_INLINES_ARE_PRIVATE_EXTERN = YES;
				GCC_MODEL_TUNING = G5;
				GCC_NO_COMMON_BLOCKS = YES;
				GCC_WARN_64_TO_32_BIT_CONVERSION = YES;
				GCC_WARN_ABOUT_RETURN_TYPE = YES;
				GCC_WARN_CHECK_SWITCH_STATEMENTS = YES;
				GCC_WARN_MISSING_PARENTHESES = YES;
				GCC_WARN_NON_VIRTUAL_DESTRUCTOR = YES;
				GCC_WARN_TYPECHECK_CALLS_TO_PRINTF = YES;
				GCC_WARN_UNDECLARED_SELECTOR = YES;
				GCC_WARN_UNINITIALIZED_AUTOS = YES;
				GCC_WARN_UNUSED_FUNCTION = YES;
				GCC_WARN_UNUSED_VARIABLE = YES;
				ONLY_ACTIVE_ARCH = YES;
				PRODUCT_NAME = "DCblocker";
				SDKROOT = macosx;
				WARNING_CFLAGS = "-Wreorder";
				ZERO_LINK = NO;
			};
			name = Debug;
		};
		A61836E9EBD3B0C239B8F152 = {
			isa = XCBuildConfiguration;
			buildSettings = {
				ALWAYS_SEARCH_USER_PATHS = NO;
				CLANG_ENABLE_OBJC_WEAK = YES;
				CLANG_WARN_BLOCK_CAPTURE_AUTORELEASING = YES;
				CLANG_WARN_BOOL_CONVERSION = YES;
				CLANG_WARN_COMMA = YES;
				CLANG_WARN_CONSTANT_CONVERSION = YES;
				CLANG_WARN_DEPRECATED_OBJC_IMPLEMENTATIONS = YES;
				CLANG_WARN_EMPTY_BODY = YES;
				CLANG_WARN_ENUM_CONVERSION = YES;
				CLANG_WARN_INFINITE_RECURSION = YES;
				CLANG_WARN_INT_CONVERSION = YES;
				CLANG_WARN_NON_LITERAL_NULL_CONVERSION = YES;
				CLANG_WARN_OBJC_IMPLICIT_RETAIN_SELF = YES;
				CLANG_WARN_OBJC_LITERAL_CONVERSION = YES;
				CLANG_WARN_RANGE_LOOP_ANALYSIS = YES;
				CLANG_WARN_STRICT_PROTOTYPES = YES;
				CLANG_WARN_SUSPICIOUS_MOVE = YES;
				CLANG_WARN_UNREACHABLE_CODE = YES;
				CLANG_WARN__DUPLICATE_METHOD_MATCH = YES;
				CODE_SIGN_IDENTITY = "";
				DEBUG_INFORMATION_FORMAT = dwarf;
				ENABLE_STRICT_OBJC_MSGSEND = YES;
				GCC_C_LANGUAGE_STANDARD = c11;
				GCC_INLINES_ARE_PRIVATE_EXTERN = YES;
				GCC_MODEL_TUNING = G5;
				GCC_NO_COMMON_BLOCKS = YES;
				GCC_WARN_64_TO_32_BIT_CONVERSION = YES;
				GCC_WARN_ABOUT_RETURN_TYPE = YES;
				GCC_WARN_CHECK_SWITCH_STATEMENTS = YES;
				GCC_WARN_MISSING_PARENTHESES = YES;
				GCC_WARN_NON_VIRTUAL_DESTRUCTOR = YES;
				GCC_WARN_TYPECHECK_CALLS_TO_PRINTF = YES;
				GCC_WARN_UNDECLARED_SELECTOR = YES;
				GCC_WARN_UNINITIALIZED_AUTOS = YES;
				GCC_WARN_UNUSED_FUNCTION = YES;
				GCC_WARN_UNUSED_VARIABLE = YES;
				PRODUCT_NAME = "DCblocker";
				SDKROOT = macosx;
				WARNING_CFLAGS = "-Wreorder";
				ZERO_LINK = NO;
			};
			name = Release;
		};
		6639BC5ED4B1B748E3E6DB9E = {
			isa = PBXTargetDependency;
			target = 7603472F678E652455820831;
		};
		CACC4266F0C860304F76E520 = {
			isa = PBXTargetDependency;
			target = 4D1823399D361BF0072B1E02;
		};
		8B2DE746682122B2FBC96EA6 = {
			isa = PBXTargetDependency;
			target = FAA5E54912AA8C8D8E78A3E5;
		};
		709990E97ABC1581840A0448 = {
			isa = PBXTargetDependency;
			target = E085F50A422B34F5B97504CA;
		};
		1EAB9D26795915C3FB31FF41 = {
			isa = XCConfigurationList;
			buildConfigurations = (
				B4A3C92F3E2D263F174B725A,
				A61836E9EBD3B0C239B8F152,
			);
			defaultConfigurationIsVisible = 0;
			defaultConfigurationName = Debug;
		};
		B7672AA4A13B930BF774DF32 = {
			isa = XCConfigurationList;
			buildConfigurations = (
				28B9B0751B768639B07CACA3,
				1DEDC0243F347E11BB45A9AF,
			);
			defaultConfigurationIsVisible = 0;
			defaultConfigurationName = Debug;
		};
		3AA54F5DF19E93BE90A859AC = {
			isa = PBXAggregateTarget;
			buildConfigurationList = B7672AA4A13B930BF774DF32;
			buildPhases = ( );
			buildRules = ( );
			dependencies = (
				6639BC5ED4B1B748E3E6DB9E,
				CACC4266F0C860304F76E520,
				8B2DE746682122B2FBC96EA6,
				709990E97ABC1581840A0448,
			);
			name = "DCblocker - All";
			productName = DCblocker;
		};
		6236164BCC7A46F1CA4A8517 = {
			isa = XCConfigurationList;
			buildConfigurations = (
				B55A2813BC1C832ED1301BCD,
				EE26FEF7BEA2CCF2D82FB597,
			);
			defaultConfigurationIsVisible = 0;
			defaultConfigurationName = Debug;
		};
		37AFDB06F0A1127AE3C37951 = {
			isa = PBXResourcesBuildPhase;
			buildActionMask = 2147483647;
			files = (
				014154AFB334F273AFF9387D,
			);
			runOnlyForDeploymentPostprocessing = 0;
		};
		8D9C6252439FC6E30D0AD768 = {
			isa = PBXSourcesBuildPhase;
			buildActionMask = 2147483647;
			files = (
				CFD5F0AF3DCEAC7989966FF6,
			);
			runOnlyForDeploymentPostprocessing = 0;
		};
		8BFE162A940AE5A747AF4784 = {
			isa = PBXFrameworksBuildPhase;
			buildActionMask = 2147483647;
			files = (
				0F381AE726A954C992B32785,
				D2CE39DCA7E1737FA8188A57,
				1FA226E85C52AC2723AE1936,
				D5ED115D234B46F41C659782,
				003D974ACCEBC9820BB43C86,
				E2524BED1098250030B53F57,
				9704331DD4A640DEB8EBDAF3,
				4C74BFFD98D602E8AF51C4D3,
				8DE1A4EB6089BA324C7D19DD,
				4C644FA383DCE7DF02DEAA61,
				F3AE197C958E05C9F8A6A32A,
				2FDACBEE12DEF4DE554D8A1A,
			);
			runOnlyForDeploymentPostprocessing = 0;
		};
		7603472F678E652455820831 = {
			isa = PBXNativeTarget;
			buildConfigurationList = 6236164BCC7A46F1CA4A8517;
			buildPhases = (
				37AFDB06F0A1127AE3C37951,
				8D9C6252439FC6E30D0AD768,
				8BFE162A940AE5A747AF4784,
			);
			buildRules = ( );
			dependencies = (
				709990E97ABC1581840A0448,
			);
			name = "DCblocker - VST3";
			productName = DCblocker;
			productReference = C22BDD9AFFF82D615448B1B0;
			productType = "com.apple.product-type.bundle";
		};
		CCF82AF9A1DAD83AC7E7CDD1 = {
			isa = XCConfigurationList;
			buildConfigurations = (
				5CAEAEC7CBDD986672A6EFBE,
				1910A87F2FF02E8B3DCF421F,
			);
			defaultConfigurationIsVisible = 0;
			defaultConfigurationName = Debug;
		};
		51C9F614F93CBE41D6BF1D86 = {
			isa = PBXResourcesBuildPhase;
			buildActionMask = 2147483647;
			files = (
				014154AFB334F273AFF9387D,
			);
			runOnlyForDeploymentPostprocessing = 0;
		};
		BA77B8EA9A6E70A55D3A0BFD = {
			isa = PBXRezBuildPhase;
			buildActionMask = 2147483647;
			files = (
				19917B2EF9683ED1482D8A62,
			);
			runOnlyForDeploymentPostprocessing = 0;
		};
		374FE07B8394423B3FEFD871 = {
			isa = PBXSourcesBuildPhase;
			buildActionMask = 2147483647;
			files = (
				7C3095123A70315BBDEBE397,
				EF9FF6B13814219F75EAD9AC,
			);
			runOnlyForDeploymentPostprocessing = 0;
		};
		2B0B061A34CE8001B7EBE652 = {
			isa = PBXFrameworksBuildPhase;
			buildActionMask = 2147483647;
			files = (
				FB8372DF8D8FC8E26C0FC845,
				0F381AE726A954C992B32785,
				D2CE39DCA7E1737FA8188A57,
				1FA226E85C52AC2723AE1936,
				D5ED115D234B46F41C659782,
				003D974ACCEBC9820BB43C86,
				E2524BED1098250030B53F57,
				9704331DD4A640DEB8EBDAF3,
				4C74BFFD98D602E8AF51C4D3,
				8DE1A4EB6089BA324C7D19DD,
				4C644FA383DCE7DF02DEAA61,
				F3AE197C958E05C9F8A6A32A,
				2FDACBEE12DEF4DE554D8A1A,
			);
			runOnlyForDeploymentPostprocessing = 0;
		};
		4D1823399D361BF0072B1E02 = {
			isa = PBXNativeTarget;
			buildConfigurationList = CCF82AF9A1DAD83AC7E7CDD1;
			buildPhases = (
				51C9F614F93CBE41D6BF1D86,
				BA77B8EA9A6E70A55D3A0BFD,
				374FE07B8394423B3FEFD871,
				2B0B061A34CE8001B7EBE652,
			);
			buildRules = ( );
			dependencies = (
				709990E97ABC1581840A0448,
			);
			name = "DCblocker - AU";
			productName = DCblocker;
			productReference = 29F91EED60B4178B2D6BB0D0;
			productType = "com.apple.product-type.bundle";
		};
		6CBB5CC6F3DA04550FC41CE2 = {
			isa = XCConfigurationList;
			buildConfigurations = (
				0C019CD34AA47C1B91FBAFD9,
				B15A7E88484D37E8297D35B6,
			);
			defaultConfigurationIsVisible = 0;
			defaultConfigurationName = Debug;
		};
		268807121AADE2256238EC68 = {
			isa = PBXResourcesBuildPhase;
			buildActionMask = 2147483647;
			files = (
				014154AFB334F273AFF9387D,
			);
			runOnlyForDeploymentPostprocessing = 0;
		};
		E636D815236F26C234DF253D = {
			isa = PBXSourcesBuildPhase;
			buildActionMask = 2147483647;
			files = (
				74CCD30D2E18FC6053D2A52C,
			);
			runOnlyForDeploymentPostprocessing = 0;
		};
		5E2CBDB77448002EAE96CC08 = {
			isa = PBXFrameworksBuildPhase;
			buildActionMask = 2147483647;
			files = (
				0F381AE726A954C992B32785,
				D2CE39DCA7E1737FA8188A57,
				1FA226E85C52AC2723AE1936,
				D5ED115D234B46F41C659782,
				003D974ACCEBC9820BB43C86,
				E2524BED1098250030B53F57,
				9704331DD4A640DEB8EBDAF3,
				4C74BFFD98D602E8AF51C4D3,
				8DE1A4EB6089BA324C7D19DD,
				4C644FA383DCE7DF02DEAA61,
				F3AE197C958E05C9F8A6A32A,
				2FDACBEE12DEF4DE554D8A1A,
			);
			runOnlyForDeploymentPostprocessing = 0;
		};
		FAA5E54912AA8C8D8E78A3E5 = {
			isa = PBXNativeTarget;
			buildConfigurationList = 6CBB5CC6F3DA04550FC41CE2;
			buildPhases = (
				268807121AADE2256238EC68,
				E636D815236F26C234DF253D,
				5E2CBDB77448002EAE96CC08,
			);
			buildRules = ( );
			dependencies = (
				709990E97ABC1581840A0448,
			);
			name = "DCblocker - Standalone Plugin";
			productName = DCblocker;
			productReference = 1E7DA46A9D04D418FBCCAFC9;
			productType = "com.apple.product-type.application";
		};
		B8D8A0A1F5FC4C83CCB7B019 = {
			isa = XCConfigurationList;
			buildConfigurations = (
				AED72FE51709EBCC15A114D6,
				DF9546E0C221DD7A7E640B6A,
			);
			defaultConfigurationIsVisible = 0;
			defaultConfigurationName = Debug;
		};
		F331705C34F0B7BF0D2F3B3C = {
			isa = PBXSourcesBuildPhase;
			buildActionMask = 2147483647;
			files = (
				E2AEDB221F0FFFF5C4CED765,
				5335FEA2DDD80C64B919E630,
				6CD4A1CAEF5D29C8D43005DA,
				59202CD8622B7564A2CC6C88,
				DBFD2FCBFC52412AF017EB5F,
				44311D339157E9C180A81BE9,
				1C2F9ABF01CE0B0E32EA7C69,
				7AE49A5B65329B4E6688D62E,
				21CF734487DE124D5DA615C2,
				22A71F385527FBD4923CAF98,
				46043781277280A4F9D23494,
				CA6F1F7DEE882E038A13F557,
				1B73991226090A5E1BD250D9,
				6B9F589D949B7B93C8389FFF,
				434B71F3CBBB8F14D5A6C9A8,
				C484D7CA5333D0811458627B,
				1C5C714C87E07216407E5C4A,
				C687EE4FB13BC4B4424B546D,
			);
			runOnlyForDeploymentPostprocessing = 0;
		};
		E085F50A422B34F5B97504CA = {
			isa = PBXNativeTarget;
			buildConfigurationList = B8D8A0A1F5FC4C83CCB7B019;
			buildPhases = (
				F331705C34F0B7BF0D2F3B3C,
			);
			buildRules = ( );
			dependencies = ( );
			name = "DCblocker - Shared Code";
			productName = DCblocker;
			productReference = 7DEE51FF1DFCD64D1F7DB673;
			productType = "com.apple.product-type.library.static";
		};
		F67DEBF744F21B9D61B9E8AB = {
			isa = PBXProject;
			buildConfigurationList = 1EAB9D26795915C3FB31FF41;
			attributes = { LastUpgradeCheck = 1100; ORGANIZATIONNAME = ""; TargetAttributes = { 3AA54F5DF19E93BE90A859AC = { SystemCapabilities = {com.apple.ApplicationGroups.iOS = { enabled = 0; }; com.apple.InAppPurchase = { enabled = 0; }; com.apple.InterAppAudio = { enabled = 0; }; com.apple.Push = { enabled = 0; }; com.apple.Sandbox = { enabled = 0; }; com.apple.HardenedRuntime = { enabled = 0; }; }; };7603472F678E652455820831 = { SystemCapabilities = {com.apple.ApplicationGroups.iOS = { enabled = 0; }; com.apple.InAppPurchase = { enabled = 0; }; com.apple.InterAppAudio = { enabled = 0; }; com.apple.Push = { enabled = 0; }; com.apple.Sandbox = { enabled = 0; }; com.apple.HardenedRuntime = { enabled = 0; }; }; };4D1823399D361BF0072B1E02 = { SystemCapabilities = {com.apple.ApplicationGroups.iOS = { enabled = 0; }; com.apple.InAppPurchase = { enabled = 0; }; com.apple.InterAppAudio = { enabled = 0; }; com.apple.Push = { enabled = 0; }; com.apple.Sandbox = { enabled = 0; }; com.apple.HardenedRuntime = { enabled = 0; }; }; };FAA5E54912AA8C8D8E78A3E5 = { SystemCapabilities = {com.apple.ApplicationGroups.iOS = { enabled = 0; }; com.apple.InAppPurchase = { enabled = 0; }; com.apple.InterAppAudio = { enabled = 0; }; com.apple.Push = { enabled = 0; }; com.apple.Sandbox = { enabled = 0; }; com.apple.HardenedRuntime = { enabled = 0; }; }; };E085F50A422B34F5B97504CA = { SystemCapabilities = {com.apple.ApplicationGroups.iOS = { enabled = 0; }; com.apple.InAppPurchase = { enabled = 0; }; com.apple.InterAppAudio = { enabled = 0; }; com.apple.Push = { enabled = 0; }; com.apple.Sandbox = { enabled = 0; }; com.apple.HardenedRuntime = { enabled = 0; }; }; }; }; };
			compatibilityVersion = "Xcode 3.2";
			hasScannedForEncodings = 0;
			mainGroup = 090BDC89CE63738AD5061BE7;
			projectDirPath = "";
			projectRoot = "";
			targets = (3AA54F5DF19E93BE90A859AC, 7603472F678E652455820831, 4D1823399D361BF0072B1E02, FAA5E54912AA8C8D8E78A3E5, E085F50A422B34F5B97504CA);
			knownRegions = (en, Base);
		};
	};
	rootObject = F67DEBF744F21B9D61B9E8AB;
}
